# This file is autogenerated, do not edit; changes may be undone by the next 'dep ensure'.


[[projects]]
  branch = "master"
  name = "github.com/EscherAuth/escher"
  packages = ["keydb","request"]
  revision = "17a664d97670c0788d44faa0e8e9c60c9b9ee5c7"

[solve-meta]
  analyzer-name = "dep"
  analyzer-version = 1
  inputs-digest = "dae94af2702957bd7270efc2e5b21ab21869339e66b91b48665a51d5f50de7fd"
  solver-name = "gps-cdcl"
  solver-version = 1
